
Microsoft Visual Studio Solution File, Format Version 12.00
# Visual Studio Version 17
VisualStudioVersion = 17.2.32630.192
MinimumVisualStudioVersion = 10.0.40219.1
Project("{9A19103F-16F7-4668-BE54-9A1E7A4F7556}") = "playground", "playground.csproj", "{7D8DF897-43EF-456F-89DC-9A6BC42CC72B}"
EndProject
Global
	GlobalSection(SolutionConfigurationPlatforms) = preSolution
		Debug|Any CPU = Debug|Any CPU
		Release|Any CPU = Release|Any CPU
	EndGlobalSection
	GlobalSection(ProjectConfigurationPlatforms) = postSolution
		{7D8DF897-43EF-456F-89DC-9A6BC42CC72B}.Debug|Any CPU.ActiveCfg = Debug|Any CPU
		{7D8DF897-43EF-456F-89DC-9A6BC42CC72B}.Debug|Any CPU.Build.0 = Debug|Any CPU
		{7D8DF897-43EF-456F-89DC-9A6BC42CC72B}.Release|Any CPU.ActiveCfg = Release|Any CPU
		{7D8DF897-43EF-456F-89DC-9A6BC42CC72B}.Release|Any CPU.Build.0 = Release|Any CPU
	EndGlobalSection
	GlobalSection(SolutionProperties) = preSolution
		HideSolutionNode = FALSE
	EndGlobalSection
	GlobalSection(ExtensibilityGlobals) = postSolution
		SolutionGuid = {63021ED6-B7A2-4835-9FB5-A6242B255A8E}
	EndGlobalSection
EndGlobal
